
Microsoft Visual Studio Solution File, Format Version 12.00
# Visual Studio Version 17
VisualStudioVersion = 17.0.32014.148
MinimumVisualStudioVersion = 10.0.40219.1
Project("{FAE04EC0-301F-11D3-BF4B-00C04F79EFBC}") = "NLayer.Core", "NLayer.Core\NLayer.Core.csproj", "{9942E6D3-FBA2-466B-AB24-E5AF129A1907}"
EndProject
Project("{FAE04EC0-301F-11D3-BF4B-00C04F79EFBC}") = "NLayer.Repository", "NLayer.Repository\NLayer.Repository.csproj", "{9CCECCD0-D468-4F50-9096-69A5C072935F}"
EndProject
Project("{FAE04EC0-301F-11D3-BF4B-00C04F79EFBC}") = "NLayer.Service", "NLayer.Service\NLayer.Service.csproj", "{28E2087E-1F81-4BA0-B537-09482E5C9F4C}"
EndProject
Project("{FAE04EC0-301F-11D3-BF4B-00C04F79EFBC}") = "NLayer.API", "NLayer.API\NLayer.API.csproj", "{28350F1B-3271-4D06-B71A-BA3894C46F86}"
EndProject
Project("{FAE04EC0-301F-11D3-BF4B-00C04F79EFBC}") = "NLayer.Web", "NLayer.Web\NLayer.Web.csproj", "{C8E57304-6AAE-400B-AB61-D81C4560432C}"
EndProject
Project("{FAE04EC0-301F-11D3-BF4B-00C04F79EFBC}") = "NLayer.Caching", "NLayer.Caching\NLayer.Caching.csproj", "{634C0EAD-CFD0-4F8E-B683-31E1B70F064F}"
EndProject
Project("{2150E333-8FDC-42A3-9474-1A3956D46DE8}") = "Solution Items", "Solution Items", "{459A063A-8584-4AE8-993D-23CA6BD8B15A}"
	ProjectSection(SolutionItems) = preProject
		.editorconfig = .editorconfig
	EndProjectSection
EndProject
Global
	GlobalSection(SolutionConfigurationPlatforms) = preSolution
		Debug|Any CPU = Debug|Any CPU
		Release|Any CPU = Release|Any CPU
	EndGlobalSection
	GlobalSection(ProjectConfigurationPlatforms) = postSolution
		{9942E6D3-FBA2-466B-AB24-E5AF129A1907}.Debug|Any CPU.ActiveCfg = Debug|Any CPU
		{9942E6D3-FBA2-466B-AB24-E5AF129A1907}.Debug|Any CPU.Build.0 = Debug|Any CPU
		{9942E6D3-FBA2-466B-AB24-E5AF129A1907}.Release|Any CPU.ActiveCfg = Release|Any CPU
		{9942E6D3-FBA2-466B-AB24-E5AF129A1907}.Release|Any CPU.Build.0 = Release|Any CPU
		{9CCECCD0-D468-4F50-9096-69A5C072935F}.Debug|Any CPU.ActiveCfg = Debug|Any CPU
		{9CCECCD0-D468-4F50-9096-69A5C072935F}.Debug|Any CPU.Build.0 = Debug|Any CPU
		{9CCECCD0-D468-4F50-9096-69A5C072935F}.Release|Any CPU.ActiveCfg = Release|Any CPU
		{9CCECCD0-D468-4F50-9096-69A5C072935F}.Release|Any CPU.Build.0 = Release|Any CPU
		{28E2087E-1F81-4BA0-B537-09482E5C9F4C}.Debug|Any CPU.ActiveCfg = Debug|Any CPU
		{28E2087E-1F81-4BA0-B537-09482E5C9F4C}.Debug|Any CPU.Build.0 = Debug|Any CPU
		{28E2087E-1F81-4BA0-B537-09482E5C9F4C}.Release|Any CPU.ActiveCfg = Release|Any CPU
		{28E2087E-1F81-4BA0-B537-09482E5C9F4C}.Release|Any CPU.Build.0 = Release|Any CPU
		{28350F1B-3271-4D06-B71A-BA3894C46F86}.Debug|Any CPU.ActiveCfg = Debug|Any CPU
		{28350F1B-3271-4D06-B71A-BA3894C46F86}.Debug|Any CPU.Build.0 = Debug|Any CPU
		{28350F1B-3271-4D06-B71A-BA3894C46F86}.Release|Any CPU.ActiveCfg = Release|Any CPU
		{28350F1B-3271-4D06-B71A-BA3894C46F86}.Release|Any CPU.Build.0 = Release|Any CPU
		{C8E57304-6AAE-400B-AB61-D81C4560432C}.Debug|Any CPU.ActiveCfg = Debug|Any CPU
		{C8E57304-6AAE-400B-AB61-D81C4560432C}.Debug|Any CPU.Build.0 = Debug|Any CPU
		{C8E57304-6AAE-400B-AB61-D81C4560432C}.Release|Any CPU.ActiveCfg = Release|Any CPU
		{C8E57304-6AAE-400B-AB61-D81C4560432C}.Release|Any CPU.Build.0 = Release|Any CPU
		{634C0EAD-CFD0-4F8E-B683-31E1B70F064F}.Debug|Any CPU.ActiveCfg = Debug|Any CPU
		{634C0EAD-CFD0-4F8E-B683-31E1B70F064F}.Debug|Any CPU.Build.0 = Debug|Any CPU
		{634C0EAD-CFD0-4F8E-B683-31E1B70F064F}.Release|Any CPU.ActiveCfg = Release|Any CPU
		{634C0EAD-CFD0-4F8E-B683-31E1B70F064F}.Release|Any CPU.Build.0 = Release|Any CPU
	EndGlobalSection
	GlobalSection(SolutionProperties) = preSolution
		HideSolutionNode = FALSE
	EndGlobalSection
	GlobalSection(ExtensibilityGlobals) = postSolution
		SolutionGuid = {6AAE823A-6F7C-40DA-B82C-C146BC81669B}
	EndGlobalSection
EndGlobal
